Microsoft Visual Studio Solution File, Format Version 12.00
# Visual Studio 15
VisualStudioVersion = 15.0.28010.2048
MinimumVisualStudioVersion = 10.0.40219.1
Project("{FAE04EC0-301F-11D3-BF4B-00C04F79EFBC}") = "iDeliver", "iDeliver\iDeliver.csproj", "{1DD4F388-A3A5-40C6-81BF-E8ECA643BE17}"
EndProject
Project("{FAE04EC0-301F-11D3-BF4B-00C04F79EFBC}") = "iDeliver.Test", "iDeliver.Test\iDeliver.Test.csproj", "{898CD026-F76F-4F8E-9DE3-32B217699591}"
EndProject
Project("{FAE04EC0-301F-11D3-BF4B-00C04F79EFBC}") = "iDeliver.Client", "iDeliver.Client\iDeliver.Client.csproj", "{54B64FD9-FAF5-460E-9FB0-84930563113A}"
EndProject
Project("{FAE04EC0-301F-11D3-BF4B-00C04F79EFBC}") = "iDeliverTests", "iDeliverTests\iDeliverTests.csproj", "{DF9FB24F-A236-4DBF-9E3B-4394529AFB5F}"
EndProject
Global
	GlobalSection(SolutionConfigurationPlatforms) = preSolution
		Debug|Any CPU = Debug|Any CPU
		Release|Any CPU = Release|Any CPU
	EndGlobalSection
	GlobalSection(ProjectConfigurationPlatforms) = postSolution
		{1DD4F388-A3A5-40C6-81BF-E8ECA643BE17}.Debug|Any CPU.ActiveCfg = Debug|Any CPU
		{1DD4F388-A3A5-40C6-81BF-E8ECA643BE17}.Debug|Any CPU.Build.0 = Debug|Any CPU
		{1DD4F388-A3A5-40C6-81BF-E8ECA643BE17}.Release|Any CPU.ActiveCfg = Release|Any CPU
		{1DD4F388-A3A5-40C6-81BF-E8ECA643BE17}.Release|Any CPU.Build.0 = Release|Any CPU
		{898CD026-F76F-4F8E-9DE3-32B217699591}.Debug|Any CPU.ActiveCfg = Debug|Any CPU
		{898CD026-F76F-4F8E-9DE3-32B217699591}.Debug|Any CPU.Build.0 = Debug|Any CPU
		{898CD026-F76F-4F8E-9DE3-32B217699591}.Release|Any CPU.ActiveCfg = Release|Any CPU
		{898CD026-F76F-4F8E-9DE3-32B217699591}.Release|Any CPU.Build.0 = Release|Any CPU
		{54B64FD9-FAF5-460E-9FB0-84930563113A}.Debug|Any CPU.ActiveCfg = Debug|Any CPU
		{54B64FD9-FAF5-460E-9FB0-84930563113A}.Debug|Any CPU.Build.0 = Debug|Any CPU
		{54B64FD9-FAF5-460E-9FB0-84930563113A}.Release|Any CPU.ActiveCfg = Release|Any CPU
		{54B64FD9-FAF5-460E-9FB0-84930563113A}.Release|Any CPU.Build.0 = Release|Any CPU
		{DF9FB24F-A236-4DBF-9E3B-4394529AFB5F}.Debug|Any CPU.ActiveCfg = Debug|Any CPU
		{DF9FB24F-A236-4DBF-9E3B-4394529AFB5F}.Debug|Any CPU.Build.0 = Debug|Any CPU
		{DF9FB24F-A236-4DBF-9E3B-4394529AFB5F}.Release|Any CPU.ActiveCfg = Release|Any CPU
		{DF9FB24F-A236-4DBF-9E3B-4394529AFB5F}.Release|Any CPU.Build.0 = Release|Any CPU
	EndGlobalSection
	GlobalSection(SolutionProperties) = preSolution
		HideSolutionNode = FALSE
	EndGlobalSection
	GlobalSection(ExtensibilityGlobals) = postSolution
		SolutionGuid = {68EBD196-5555-42EE-BCDB-EFFD97327897}
	EndGlobalSection
	GlobalSection(Performance) = preSolution
		HasPerformanceSessions = true
	EndGlobalSection
EndGlobal
