
Microsoft Visual Studio Solution File, Format Version 12.00
# Visual Studio 15
VisualStudioVersion = 15.0.28010.2036
MinimumVisualStudioVersion = 10.0.40219.1
Project("{FAE04EC0-301F-11D3-BF4B-00C04F79EFBC}") = "iDeliveryWeb", "iDeliveryWeb\iDeliveryWeb.csproj", "{2272CCBF-2304-4F09-8432-2844E5549977}"
EndProject
Project("{FAE04EC0-301F-11D3-BF4B-00C04F79EFBC}") = "iDeliveryWeb.Tests", "iDeliveryWeb.Tests\iDeliveryWeb.Tests.csproj", "{87FC468A-D5F0-4AB3-9896-7FAE7B80DAB2}"
EndProject
Global
	GlobalSection(SolutionConfigurationPlatforms) = preSolution
		Debug|Any CPU = Debug|Any CPU
		Release|Any CPU = Release|Any CPU
	EndGlobalSection
	GlobalSection(ProjectConfigurationPlatforms) = postSolution
		{2272CCBF-2304-4F09-8432-2844E5549977}.Debug|Any CPU.ActiveCfg = Debug|Any CPU
		{2272CCBF-2304-4F09-8432-2844E5549977}.Debug|Any CPU.Build.0 = Debug|Any CPU
		{2272CCBF-2304-4F09-8432-2844E5549977}.Release|Any CPU.ActiveCfg = Release|Any CPU
		{2272CCBF-2304-4F09-8432-2844E5549977}.Release|Any CPU.Build.0 = Release|Any CPU
		{87FC468A-D5F0-4AB3-9896-7FAE7B80DAB2}.Debug|Any CPU.ActiveCfg = Debug|Any CPU
		{87FC468A-D5F0-4AB3-9896-7FAE7B80DAB2}.Debug|Any CPU.Build.0 = Debug|Any CPU
		{87FC468A-D5F0-4AB3-9896-7FAE7B80DAB2}.Release|Any CPU.ActiveCfg = Release|Any CPU
		{87FC468A-D5F0-4AB3-9896-7FAE7B80DAB2}.Release|Any CPU.Build.0 = Release|Any CPU
	EndGlobalSection
	GlobalSection(SolutionProperties) = preSolution
		HideSolutionNode = FALSE
	EndGlobalSection
	GlobalSection(ExtensibilityGlobals) = postSolution
		SolutionGuid = {5C2AA500-37F8-4D58-A34D-35D0F5E6FBA2}
	EndGlobalSection
EndGlobal
